
Microsoft Visual Studio Solution File, Format Version 12.00
# Visual Studio 15
VisualStudioVersion = 15.0.27130.2024
MinimumVisualStudioVersion = 10.0.40219.1
Project("{9A19103F-16F7-4668-BE54-9A1E7A4F7556}") = "Nancy.Metadata.Swagger", "src\Nancy.Metadata.Swagger.csproj", "{5D00A219-9F98-498E-8A3F-F06449E3E864}"
EndProject
Project("{9A19103F-16F7-4668-BE54-9A1E7A4F7556}") = "Nancy.Metadata.Swagger.DemoApplication", "samples\Nancy.Metadata.Swagger.DemoApplication\Nancy.Metadata.Swagger.DemoApplication.csproj", "{2F0A9588-2611-421B-AECE-9C1EE0CC4885}"
EndProject
Project("{2150E333-8FDC-42A3-9474-1A3956D46DE8}") = ".SolutionItems", ".SolutionItems", "{F9E7BCCF-1895-4234-AE87-9F4F2DE7EC83}"
	ProjectSection(SolutionItems) = preProject
		.editorconfig = .editorconfig
		.gitignore = .gitignore
		appveyor.yml = appveyor.yml
		LICENSE = LICENSE
		README.md = README.md
	EndProjectSection
EndProject
Project("{2150E333-8FDC-42A3-9474-1A3956D46DE8}") = "samples", "samples", "{A3214450-31E6-4381-BFD2-23812714F576}"
EndProject
Project("{2150E333-8FDC-42A3-9474-1A3956D46DE8}") = ".github", ".github", "{164996DB-961C-4E15-8B53-87DB746932CC}"
	ProjectSection(SolutionItems) = preProject
		.github\CONTRIBUTING.md = .github\CONTRIBUTING.md
		.github\ISSUE_TEMPLATE.md = .github\ISSUE_TEMPLATE.md
		.github\PULL_REQUEST_TEMPLATE.md = .github\PULL_REQUEST_TEMPLATE.md
	EndProjectSection
EndProject
Global
	GlobalSection(SolutionConfigurationPlatforms) = preSolution
		Debug|Any CPU = Debug|Any CPU
		Release|Any CPU = Release|Any CPU
	EndGlobalSection
	GlobalSection(ProjectConfigurationPlatforms) = postSolution
		{5D00A219-9F98-498E-8A3F-F06449E3E864}.Debug|Any CPU.ActiveCfg = Debug|Any CPU
		{5D00A219-9F98-498E-8A3F-F06449E3E864}.Debug|Any CPU.Build.0 = Debug|Any CPU
		{5D00A219-9F98-498E-8A3F-F06449E3E864}.Release|Any CPU.ActiveCfg = Release|Any CPU
		{5D00A219-9F98-498E-8A3F-F06449E3E864}.Release|Any CPU.Build.0 = Release|Any CPU
		{2F0A9588-2611-421B-AECE-9C1EE0CC4885}.Debug|Any CPU.ActiveCfg = Debug|Any CPU
		{2F0A9588-2611-421B-AECE-9C1EE0CC4885}.Debug|Any CPU.Build.0 = Debug|Any CPU
		{2F0A9588-2611-421B-AECE-9C1EE0CC4885}.Release|Any CPU.ActiveCfg = Release|Any CPU
		{2F0A9588-2611-421B-AECE-9C1EE0CC4885}.Release|Any CPU.Build.0 = Release|Any CPU
	EndGlobalSection
	GlobalSection(SolutionProperties) = preSolution
		HideSolutionNode = FALSE
	EndGlobalSection
	GlobalSection(NestedProjects) = preSolution
		{2F0A9588-2611-421B-AECE-9C1EE0CC4885} = {A3214450-31E6-4381-BFD2-23812714F576}
		{164996DB-961C-4E15-8B53-87DB746932CC} = {F9E7BCCF-1895-4234-AE87-9F4F2DE7EC83}
	EndGlobalSection
	GlobalSection(ExtensibilityGlobals) = postSolution
		SolutionGuid = {7CE3FFCB-AF8C-4D71-A7BA-B423860DB1F8}
	EndGlobalSection
EndGlobal
